
Microsoft Visual Studio Solution File, Format Version 12.00
# Visual Studio Version 17
VisualStudioVersion = 17.14.36518.9
MinimumVisualStudioVersion = 10.0.40219.1
Project("{2150E333-8FDC-42A3-9474-1A3956D46DE8}") = "Task0", "Task0", "{36D591C7-65C7-A0D1-1CBC-10CDE441BDC8}"
EndProject
Project("{FAE04EC0-301F-11D3-BF4B-00C04F79EFBC}") = "Tyuiu.PuzyrevIV.Sprint2.Task0.V5", "Tyuiu.PuzyrevIV.Sprint2.Task0.V5\Tyuiu.PuzyrevIV.Sprint2.Task0.V5.csproj", "{7FCB0C4B-BBB1-48B6-96C5-3AF7C3C76095}"
EndProject
Project("{FAE04EC0-301F-11D3-BF4B-00C04F79EFBC}") = "Tyuiu.PuzyrevIV.Sprint2.Task0.V5.Lib", "Tyuiu.PuzyrevIV.Sprint2.Task0.V5.Lib\Tyuiu.PuzyrevIV.Sprint2.Task0.V5.Lib.csproj", "{BBACF03A-0B2F-44DB-B039-9D85C69551C1}"
EndProject
Project("{FAE04EC0-301F-11D3-BF4B-00C04F79EFBC}") = "Tyuiu.PuzyrevIV.Sprint2.Task0.V5.Test", "Tyuiu.PuzyrevIV.Sprint2.Task0.V5.Test\Tyuiu.PuzyrevIV.Sprint2.Task0.V5.Test.csproj", "{C460C27F-22D5-4AF6-B176-65B294248BD2}"
EndProject
Project("{2150E333-8FDC-42A3-9474-1A3956D46DE8}") = "Task1", "Task1", "{08BF839F-12A0-4454-AEC5-1878219E81A6}"
EndProject
Project("{FAE04EC0-301F-11D3-BF4B-00C04F79EFBC}") = "Tyuiu.PuzyrevIV.Sprint2.Task1.V19", "Tyuiu.PuzyrevIV.Sprint2.Task1.V19\Tyuiu.PuzyrevIV.Sprint2.Task1.V19.csproj", "{BC15001C-1A0D-4C1A-9C40-D4301BAAD3B7}"
EndProject
Project("{FAE04EC0-301F-11D3-BF4B-00C04F79EFBC}") = "Tyuiu.PuzyrevIV.Sprint2.Task1.V19.Lib", "Tyuiu.PuzyrevIV.Sprint2.Task1.V19.Lib\Tyuiu.PuzyrevIV.Sprint2.Task1.V19.Lib.csproj", "{D4E9871C-0051-41A2-A2EC-EA156A1F6FE1}"
EndProject
Project("{FAE04EC0-301F-11D3-BF4B-00C04F79EFBC}") = "Tyuiu.PuzyrevIV.Sprint2.Task1.V19.Test", "Tyuiu.PuzyrevIV.Sprint2.Task1.V19.Test\Tyuiu.PuzyrevIV.Sprint2.Task1.V19.Test.csproj", "{FCC110A9-E7C8-45A4-B063-9A4C7B205226}"
EndProject
Project("{2150E333-8FDC-42A3-9474-1A3956D46DE8}") = "Task2", "Task2", "{09FD5AE3-E8C2-482E-ABBB-0BCF6CEEA70C}"
EndProject
Project("{FAE04EC0-301F-11D3-BF4B-00C04F79EFBC}") = "Tyuiu.PuzyrevIV.Sprint2.Task2.V23", "Tyuiu.PuzyrevIV.Sprint2.Task2.V23\Tyuiu.PuzyrevIV.Sprint2.Task2.V23.csproj", "{3608E2D9-FD49-417D-8168-D6BBDF2C7946}"
EndProject
Project("{FAE04EC0-301F-11D3-BF4B-00C04F79EFBC}") = "Tyuiu.PuzyrevIV.Sprint2.Task2.V23.Lib", "Tyuiu.PuzyrevIV.Sprint2.Task2.V23.Lib\Tyuiu.PuzyrevIV.Sprint2.Task2.V23.Lib.csproj", "{33AB28DC-25F4-42C6-BFEA-3B404B8C54AC}"
EndProject
Project("{FAE04EC0-301F-11D3-BF4B-00C04F79EFBC}") = "Tyuiu.PuzyrevIV.Sprint2.Task2.V23.Test", "Tyuiu.PuzyrevIV.Sprint2.Task2.V23.Test\Tyuiu.PuzyrevIV.Sprint2.Task2.V23.Test.csproj", "{54DCD940-5277-478D-92AE-868E867D0A9B}"
EndProject
Project("{2150E333-8FDC-42A3-9474-1A3956D46DE8}") = "Task3", "Task3", "{672E5F12-F900-411D-82F3-C5F0BF79EBC8}"
EndProject
Project("{FAE04EC0-301F-11D3-BF4B-00C04F79EFBC}") = "Tyuiu.PuzyrevIV.Sprint2.Task3.V11", "Tyuiu.PuzyrevIV.Sprint2.Task3.V11\Tyuiu.PuzyrevIV.Sprint2.Task3.V11.csproj", "{68E6C731-9CFC-42DD-A699-B6EE72C1EAF6}"
EndProject
Project("{FAE04EC0-301F-11D3-BF4B-00C04F79EFBC}") = "Tyuiu.PuzyrevIV.Sprint2.Task3.V11.Lib", "Tyuiu.PuzyrevIV.Sprint2.Task3.V11.Lib\Tyuiu.PuzyrevIV.Sprint2.Task3.V11.Lib.csproj", "{50F09B04-B1E8-46D6-9D27-706913DA1A15}"
EndProject
Project("{FAE04EC0-301F-11D3-BF4B-00C04F79EFBC}") = "Tyuiu.PuzyrevIV.Sprint2.Task3.V11.Test", "Tyuiu.PuzyrevIV.Sprint2.Task3.V11.Test\Tyuiu.PuzyrevIV.Sprint2.Task3.V11.Test.csproj", "{F1229A05-A3D1-4E57-87BA-7E62D2491365}"
EndProject
Project("{2150E333-8FDC-42A3-9474-1A3956D46DE8}") = "Task4", "Task4", "{731F6E6F-67B0-472F-A446-7F86235C19B9}"
EndProject
Project("{FAE04EC0-301F-11D3-BF4B-00C04F79EFBC}") = "Tyuiu.PuzyrevIV.Sprint2.Task4.V27", "Tyuiu.PuzyrevIV.Sprint2.Task4.V27\Tyuiu.PuzyrevIV.Sprint2.Task4.V27.csproj", "{B99EA270-DDFF-487C-9A09-E8175EE535D2}"
EndProject
Project("{FAE04EC0-301F-11D3-BF4B-00C04F79EFBC}") = "Tyuiu.PuzyrevIV.Sprint2.Task4.V27.Lib", "Tyuiu.PuzyrevIV.Sprint2.Task4.V27.Lib\Tyuiu.PuzyrevIV.Sprint2.Task4.V27.Lib.csproj", "{131DBE35-25F9-4023-AC50-4BE2BB5D2DB6}"
EndProject
Project("{FAE04EC0-301F-11D3-BF4B-00C04F79EFBC}") = "Tyuiu.PuzyrevIV.Sprint2.Task4.V27.Test", "Tyuiu.PuzyrevIV.Sprint2.Task4.V27.Test\Tyuiu.PuzyrevIV.Sprint2.Task4.V27.Test.csproj", "{73958694-278E-4502-A144-10B70DE17485}"
EndProject
Project("{2150E333-8FDC-42A3-9474-1A3956D46DE8}") = "Task5", "Task5", "{7356CEF4-7EBE-4A87-8C0A-89B0CE33E0E5}"
EndProject
Project("{FAE04EC0-301F-11D3-BF4B-00C04F79EFBC}") = "Tyuiu.PuzyrevIV.Sprint2.Task5.V11", "Tyuiu.PuzyrevIV.Sprint2.Task5.V11\Tyuiu.PuzyrevIV.Sprint2.Task5.V11.csproj", "{2226013A-4656-4757-A246-466391B49A30}"
EndProject
Project("{FAE04EC0-301F-11D3-BF4B-00C04F79EFBC}") = "Tyuiu.PuzyrevIV.Sprint2.Task5.V11.Lib", "Tyuiu.PuzyrevIV.Sprint2.Task5.V11.Lib\Tyuiu.PuzyrevIV.Sprint2.Task5.V11.Lib.csproj", "{0BA9E770-8797-4039-A20B-B96D25788922}"
EndProject
Project("{FAE04EC0-301F-11D3-BF4B-00C04F79EFBC}") = "Tyuiu.PuzyrevIV.Sprint2.Task5.V11.Test", "Tyuiu.PuzyrevIV.Sprint2.Task5.V11.Test\Tyuiu.PuzyrevIV.Sprint2.Task5.V11.Test.csproj", "{37CE68D0-1604-47D6-B657-1F1DEF1A1B5E}"
EndProject
Project("{2150E333-8FDC-42A3-9474-1A3956D46DE8}") = "Task6", "Task6", "{0B2ABA7E-A294-4CD5-B0A5-32C1F1D18787}"
EndProject
Project("{FAE04EC0-301F-11D3-BF4B-00C04F79EFBC}") = "Tyuiu.PuzyrevIV.Sprint2.Task6.V12", "Tyuiu.PuzyrevIV.Sprint2.Task6.V12\Tyuiu.PuzyrevIV.Sprint2.Task6.V12.csproj", "{1A244BC8-7D78-42F4-921D-7671ED797844}"
EndProject
Project("{FAE04EC0-301F-11D3-BF4B-00C04F79EFBC}") = "Tyuiu.PuzyrevIV.Sprint2.Task6.V12.Lib", "Tyuiu.PuzyrevIV.Sprint2.Task6.V12.Lib\Tyuiu.PuzyrevIV.Sprint2.Task6.V12.Lib.csproj", "{9A62F521-8CBD-4BDF-A212-16643659468B}"
EndProject
Project("{FAE04EC0-301F-11D3-BF4B-00C04F79EFBC}") = "Tyuiu.PuzyrevIV.Sprint2.Task6.V12.Test", "Tyuiu.PuzyrevIV.Sprint2.Task6.V12.Test\Tyuiu.PuzyrevIV.Sprint2.Task6.V12.Test.csproj", "{D71431EB-BAA5-4A03-AC0A-BBD268DE760A}"
EndProject
Project("{2150E333-8FDC-42A3-9474-1A3956D46DE8}") = "Task7", "Task7", "{2D053D07-A7F2-4F1E-8BC6-FD4E6EC3A4CC}"
EndProject
Project("{FAE04EC0-301F-11D3-BF4B-00C04F79EFBC}") = "Tyuiu.PuzyrevIV.Sprint2.Task7.V7", "Tyuiu.PuzyrevIV.Sprint2.Task7.V7\Tyuiu.PuzyrevIV.Sprint2.Task7.V7.csproj", "{26425495-D894-4EC1-BBE4-3266490EF73E}"
EndProject
Project("{FAE04EC0-301F-11D3-BF4B-00C04F79EFBC}") = "Tyuiu.PuzyrevIV.Sprint2.Task7.V7.Lib", "Tyuiu.PuzyrevIV.Sprint2.Task7.V7.Lib\Tyuiu.PuzyrevIV.Sprint2.Task7.V7.Lib.csproj", "{0D94AEC6-3AA3-42CF-8CEE-35B564B7E97F}"
EndProject
Project("{FAE04EC0-301F-11D3-BF4B-00C04F79EFBC}") = "Tyuiu.PuzyrevIV.Sprint2.Task7.V7.Test", "Tyuiu.PuzyrevIV.Sprint2.Task7.V7.Test\Tyuiu.PuzyrevIV.Sprint2.Task7.V7.Test.csproj", "{60A2BE8C-8A32-4249-8ED7-D7ACEC472A61}"
EndProject
Global
	GlobalSection(SolutionConfigurationPlatforms) = preSolution
		Debug|Any CPU = Debug|Any CPU
		Release|Any CPU = Release|Any CPU
	EndGlobalSection
	GlobalSection(ProjectConfigurationPlatforms) = postSolution
		{7FCB0C4B-BBB1-48B6-96C5-3AF7C3C76095}.Debug|Any CPU.ActiveCfg = Debug|Any CPU
		{7FCB0C4B-BBB1-48B6-96C5-3AF7C3C76095}.Debug|Any CPU.Build.0 = Debug|Any CPU
		{7FCB0C4B-BBB1-48B6-96C5-3AF7C3C76095}.Release|Any CPU.ActiveCfg = Release|Any CPU
		{7FCB0C4B-BBB1-48B6-96C5-3AF7C3C76095}.Release|Any CPU.Build.0 = Release|Any CPU
		{BBACF03A-0B2F-44DB-B039-9D85C69551C1}.Debug|Any CPU.ActiveCfg = Debug|Any CPU
		{BBACF03A-0B2F-44DB-B039-9D85C69551C1}.Debug|Any CPU.Build.0 = Debug|Any CPU
		{BBACF03A-0B2F-44DB-B039-9D85C69551C1}.Release|Any CPU.ActiveCfg = Release|Any CPU
		{BBACF03A-0B2F-44DB-B039-9D85C69551C1}.Release|Any CPU.Build.0 = Release|Any CPU
		{C460C27F-22D5-4AF6-B176-65B294248BD2}.Debug|Any CPU.ActiveCfg = Debug|Any CPU
		{C460C27F-22D5-4AF6-B176-65B294248BD2}.Debug|Any CPU.Build.0 = Debug|Any CPU
		{C460C27F-22D5-4AF6-B176-65B294248BD2}.Release|Any CPU.ActiveCfg = Release|Any CPU
		{C460C27F-22D5-4AF6-B176-65B294248BD2}.Release|Any CPU.Build.0 = Release|Any CPU
		{BC15001C-1A0D-4C1A-9C40-D4301BAAD3B7}.Debug|Any CPU.ActiveCfg = Debug|Any CPU
		{BC15001C-1A0D-4C1A-9C40-D4301BAAD3B7}.Debug|Any CPU.Build.0 = Debug|Any CPU
		{BC15001C-1A0D-4C1A-9C40-D4301BAAD3B7}.Release|Any CPU.ActiveCfg = Release|Any CPU
		{BC15001C-1A0D-4C1A-9C40-D4301BAAD3B7}.Release|Any CPU.Build.0 = Release|Any CPU
		{D4E9871C-0051-41A2-A2EC-EA156A1F6FE1}.Debug|Any CPU.ActiveCfg = Debug|Any CPU
		{D4E9871C-0051-41A2-A2EC-EA156A1F6FE1}.Debug|Any CPU.Build.0 = Debug|Any CPU
		{D4E9871C-0051-41A2-A2EC-EA156A1F6FE1}.Release|Any CPU.ActiveCfg = Release|Any CPU
		{D4E9871C-0051-41A2-A2EC-EA156A1F6FE1}.Release|Any CPU.Build.0 = Release|Any CPU
		{FCC110A9-E7C8-45A4-B063-9A4C7B205226}.Debug|Any CPU.ActiveCfg = Debug|Any CPU
		{FCC110A9-E7C8-45A4-B063-9A4C7B205226}.Debug|Any CPU.Build.0 = Debug|Any CPU
		{FCC110A9-E7C8-45A4-B063-9A4C7B205226}.Release|Any CPU.ActiveCfg = Release|Any CPU
		{FCC110A9-E7C8-45A4-B063-9A4C7B205226}.Release|Any CPU.Build.0 = Release|Any CPU
		{3608E2D9-FD49-417D-8168-D6BBDF2C7946}.Debug|Any CPU.ActiveCfg = Debug|Any CPU
		{3608E2D9-FD49-417D-8168-D6BBDF2C7946}.Debug|Any CPU.Build.0 = Debug|Any CPU
		{3608E2D9-FD49-417D-8168-D6BBDF2C7946}.Release|Any CPU.ActiveCfg = Release|Any CPU
		{3608E2D9-FD49-417D-8168-D6BBDF2C7946}.Release|Any CPU.Build.0 = Release|Any CPU
		{33AB28DC-25F4-42C6-BFEA-3B404B8C54AC}.Debug|Any CPU.ActiveCfg = Debug|Any CPU
		{33AB28DC-25F4-42C6-BFEA-3B404B8C54AC}.Debug|Any CPU.Build.0 = Debug|Any CPU
		{33AB28DC-25F4-42C6-BFEA-3B404B8C54AC}.Release|Any CPU.ActiveCfg = Release|Any CPU
		{33AB28DC-25F4-42C6-BFEA-3B404B8C54AC}.Release|Any CPU.Build.0 = Release|Any CPU
		{54DCD940-5277-478D-92AE-868E867D0A9B}.Debug|Any CPU.ActiveCfg = Debug|Any CPU
		{54DCD940-5277-478D-92AE-868E867D0A9B}.Debug|Any CPU.Build.0 = Debug|Any CPU
		{54DCD940-5277-478D-92AE-868E867D0A9B}.Release|Any CPU.ActiveCfg = Release|Any CPU
		{54DCD940-5277-478D-92AE-868E867D0A9B}.Release|Any CPU.Build.0 = Release|Any CPU
		{68E6C731-9CFC-42DD-A699-B6EE72C1EAF6}.Debug|Any CPU.ActiveCfg = Debug|Any CPU
		{68E6C731-9CFC-42DD-A699-B6EE72C1EAF6}.Debug|Any CPU.Build.0 = Debug|Any CPU
		{68E6C731-9CFC-42DD-A699-B6EE72C1EAF6}.Release|Any CPU.ActiveCfg = Release|Any CPU
		{68E6C731-9CFC-42DD-A699-B6EE72C1EAF6}.Release|Any CPU.Build.0 = Release|Any CPU
		{50F09B04-B1E8-46D6-9D27-706913DA1A15}.Debug|Any CPU.ActiveCfg = Debug|Any CPU
		{50F09B04-B1E8-46D6-9D27-706913DA1A15}.Debug|Any CPU.Build.0 = Debug|Any CPU
		{50F09B04-B1E8-46D6-9D27-706913DA1A15}.Release|Any CPU.ActiveCfg = Release|Any CPU
		{50F09B04-B1E8-46D6-9D27-706913DA1A15}.Release|Any CPU.Build.0 = Release|Any CPU
		{F1229A05-A3D1-4E57-87BA-7E62D2491365}.Debug|Any CPU.ActiveCfg = Debug|Any CPU
		{F1229A05-A3D1-4E57-87BA-7E62D2491365}.Debug|Any CPU.Build.0 = Debug|Any CPU
		{F1229A05-A3D1-4E57-87BA-7E62D2491365}.Release|Any CPU.ActiveCfg = Release|Any CPU
		{F1229A05-A3D1-4E57-87BA-7E62D2491365}.Release|Any CPU.Build.0 = Release|Any CPU
		{B99EA270-DDFF-487C-9A09-E8175EE535D2}.Debug|Any CPU.ActiveCfg = Debug|Any CPU
		{B99EA270-DDFF-487C-9A09-E8175EE535D2}.Debug|Any CPU.Build.0 = Debug|Any CPU
		{B99EA270-DDFF-487C-9A09-E8175EE535D2}.Release|Any CPU.ActiveCfg = Release|Any CPU
		{B99EA270-DDFF-487C-9A09-E8175EE535D2}.Release|Any CPU.Build.0 = Release|Any CPU
		{131DBE35-25F9-4023-AC50-4BE2BB5D2DB6}.Debug|Any CPU.ActiveCfg = Debug|Any CPU
		{131DBE35-25F9-4023-AC50-4BE2BB5D2DB6}.Debug|Any CPU.Build.0 = Debug|Any CPU
		{131DBE35-25F9-4023-AC50-4BE2BB5D2DB6}.Release|Any CPU.ActiveCfg = Release|Any CPU
		{131DBE35-25F9-4023-AC50-4BE2BB5D2DB6}.Release|Any CPU.Build.0 = Release|Any CPU
		{73958694-278E-4502-A144-10B70DE17485}.Debug|Any CPU.ActiveCfg = Debug|Any CPU
		{73958694-278E-4502-A144-10B70DE17485}.Debug|Any CPU.Build.0 = Debug|Any CPU
		{73958694-278E-4502-A144-10B70DE17485}.Release|Any CPU.ActiveCfg = Release|Any CPU
		{73958694-278E-4502-A144-10B70DE17485}.Release|Any CPU.Build.0 = Release|Any CPU
		{2226013A-4656-4757-A246-466391B49A30}.Debug|Any CPU.ActiveCfg = Debug|Any CPU
		{2226013A-4656-4757-A246-466391B49A30}.Debug|Any CPU.Build.0 = Debug|Any CPU
		{2226013A-4656-4757-A246-466391B49A30}.Release|Any CPU.ActiveCfg = Release|Any CPU
		{2226013A-4656-4757-A246-466391B49A30}.Release|Any CPU.Build.0 = Release|Any CPU
		{0BA9E770-8797-4039-A20B-B96D25788922}.Debug|Any CPU.ActiveCfg = Debug|Any CPU
		{0BA9E770-8797-4039-A20B-B96D25788922}.Debug|Any CPU.Build.0 = Debug|Any CPU
		{0BA9E770-8797-4039-A20B-B96D25788922}.Release|Any CPU.ActiveCfg = Release|Any CPU
		{0BA9E770-8797-4039-A20B-B96D25788922}.Release|Any CPU.Build.0 = Release|Any CPU
		{37CE68D0-1604-47D6-B657-1F1DEF1A1B5E}.Debug|Any CPU.ActiveCfg = Debug|Any CPU
		{37CE68D0-1604-47D6-B657-1F1DEF1A1B5E}.Debug|Any CPU.Build.0 = Debug|Any CPU
		{37CE68D0-1604-47D6-B657-1F1DEF1A1B5E}.Release|Any CPU.ActiveCfg = Release|Any CPU
		{37CE68D0-1604-47D6-B657-1F1DEF1A1B5E}.Release|Any CPU.Build.0 = Release|Any CPU
		{1A244BC8-7D78-42F4-921D-7671ED797844}.Debug|Any CPU.ActiveCfg = Debug|Any CPU
		{1A244BC8-7D78-42F4-921D-7671ED797844}.Debug|Any CPU.Build.0 = Debug|Any CPU
		{1A244BC8-7D78-42F4-921D-7671ED797844}.Release|Any CPU.ActiveCfg = Release|Any CPU
		{1A244BC8-7D78-42F4-921D-7671ED797844}.Release|Any CPU.Build.0 = Release|Any CPU
		{9A62F521-8CBD-4BDF-A212-16643659468B}.Debug|Any CPU.ActiveCfg = Debug|Any CPU
		{9A62F521-8CBD-4BDF-A212-16643659468B}.Debug|Any CPU.Build.0 = Debug|Any CPU
		{9A62F521-8CBD-4BDF-A212-16643659468B}.Release|Any CPU.ActiveCfg = Release|Any CPU
		{9A62F521-8CBD-4BDF-A212-16643659468B}.Release|Any CPU.Build.0 = Release|Any CPU
		{D71431EB-BAA5-4A03-AC0A-BBD268DE760A}.Debug|Any CPU.ActiveCfg = Debug|Any CPU
		{D71431EB-BAA5-4A03-AC0A-BBD268DE760A}.Debug|Any CPU.Build.0 = Debug|Any CPU
		{D71431EB-BAA5-4A03-AC0A-BBD268DE760A}.Release|Any CPU.ActiveCfg = Release|Any CPU
		{D71431EB-BAA5-4A03-AC0A-BBD268DE760A}.Release|Any CPU.Build.0 = Release|Any CPU
		{26425495-D894-4EC1-BBE4-3266490EF73E}.Debug|Any CPU.ActiveCfg = Debug|Any CPU
		{26425495-D894-4EC1-BBE4-3266490EF73E}.Debug|Any CPU.Build.0 = Debug|Any CPU
		{26425495-D894-4EC1-BBE4-3266490EF73E}.Release|Any CPU.ActiveCfg = Release|Any CPU
		{26425495-D894-4EC1-BBE4-3266490EF73E}.Release|Any CPU.Build.0 = Release|Any CPU
		{0D94AEC6-3AA3-42CF-8CEE-35B564B7E97F}.Debug|Any CPU.ActiveCfg = Debug|Any CPU
		{0D94AEC6-3AA3-42CF-8CEE-35B564B7E97F}.Debug|Any CPU.Build.0 = Debug|Any CPU
		{0D94AEC6-3AA3-42CF-8CEE-35B564B7E97F}.Release|Any CPU.ActiveCfg = Release|Any CPU
		{0D94AEC6-3AA3-42CF-8CEE-35B564B7E97F}.Release|Any CPU.Build.0 = Release|Any CPU
		{60A2BE8C-8A32-4249-8ED7-D7ACEC472A61}.Debug|Any CPU.ActiveCfg = Debug|Any CPU
		{60A2BE8C-8A32-4249-8ED7-D7ACEC472A61}.Debug|Any CPU.Build.0 = Debug|Any CPU
		{60A2BE8C-8A32-4249-8ED7-D7ACEC472A61}.Release|Any CPU.ActiveCfg = Release|Any CPU
		{60A2BE8C-8A32-4249-8ED7-D7ACEC472A61}.Release|Any CPU.Build.0 = Release|Any CPU
	EndGlobalSection
	GlobalSection(SolutionProperties) = preSolution
		HideSolutionNode = FALSE
	EndGlobalSection
	GlobalSection(NestedProjects) = preSolution
		{7FCB0C4B-BBB1-48B6-96C5-3AF7C3C76095} = {36D591C7-65C7-A0D1-1CBC-10CDE441BDC8}
		{BBACF03A-0B2F-44DB-B039-9D85C69551C1} = {36D591C7-65C7-A0D1-1CBC-10CDE441BDC8}
		{C460C27F-22D5-4AF6-B176-65B294248BD2} = {36D591C7-65C7-A0D1-1CBC-10CDE441BDC8}
		{BC15001C-1A0D-4C1A-9C40-D4301BAAD3B7} = {08BF839F-12A0-4454-AEC5-1878219E81A6}
		{D4E9871C-0051-41A2-A2EC-EA156A1F6FE1} = {08BF839F-12A0-4454-AEC5-1878219E81A6}
		{FCC110A9-E7C8-45A4-B063-9A4C7B205226} = {08BF839F-12A0-4454-AEC5-1878219E81A6}
		{3608E2D9-FD49-417D-8168-D6BBDF2C7946} = {09FD5AE3-E8C2-482E-ABBB-0BCF6CEEA70C}
		{33AB28DC-25F4-42C6-BFEA-3B404B8C54AC} = {09FD5AE3-E8C2-482E-ABBB-0BCF6CEEA70C}
		{54DCD940-5277-478D-92AE-868E867D0A9B} = {09FD5AE3-E8C2-482E-ABBB-0BCF6CEEA70C}
		{68E6C731-9CFC-42DD-A699-B6EE72C1EAF6} = {672E5F12-F900-411D-82F3-C5F0BF79EBC8}
		{50F09B04-B1E8-46D6-9D27-706913DA1A15} = {672E5F12-F900-411D-82F3-C5F0BF79EBC8}
		{F1229A05-A3D1-4E57-87BA-7E62D2491365} = {672E5F12-F900-411D-82F3-C5F0BF79EBC8}
		{B99EA270-DDFF-487C-9A09-E8175EE535D2} = {731F6E6F-67B0-472F-A446-7F86235C19B9}
		{131DBE35-25F9-4023-AC50-4BE2BB5D2DB6} = {731F6E6F-67B0-472F-A446-7F86235C19B9}
		{73958694-278E-4502-A144-10B70DE17485} = {731F6E6F-67B0-472F-A446-7F86235C19B9}
		{2226013A-4656-4757-A246-466391B49A30} = {7356CEF4-7EBE-4A87-8C0A-89B0CE33E0E5}
		{0BA9E770-8797-4039-A20B-B96D25788922} = {7356CEF4-7EBE-4A87-8C0A-89B0CE33E0E5}
		{37CE68D0-1604-47D6-B657-1F1DEF1A1B5E} = {7356CEF4-7EBE-4A87-8C0A-89B0CE33E0E5}
		{1A244BC8-7D78-42F4-921D-7671ED797844} = {0B2ABA7E-A294-4CD5-B0A5-32C1F1D18787}
		{9A62F521-8CBD-4BDF-A212-16643659468B} = {0B2ABA7E-A294-4CD5-B0A5-32C1F1D18787}
		{D71431EB-BAA5-4A03-AC0A-BBD268DE760A} = {0B2ABA7E-A294-4CD5-B0A5-32C1F1D18787}
		{26425495-D894-4EC1-BBE4-3266490EF73E} = {2D053D07-A7F2-4F1E-8BC6-FD4E6EC3A4CC}
		{0D94AEC6-3AA3-42CF-8CEE-35B564B7E97F} = {2D053D07-A7F2-4F1E-8BC6-FD4E6EC3A4CC}
		{60A2BE8C-8A32-4249-8ED7-D7ACEC472A61} = {2D053D07-A7F2-4F1E-8BC6-FD4E6EC3A4CC}
	EndGlobalSection
	GlobalSection(ExtensibilityGlobals) = postSolution
		SolutionGuid = {93B8BAF5-AD03-4177-AF9E-A12FAE2FEE73}
	EndGlobalSection
EndGlobal
