
Microsoft Visual Studio Solution File, Format Version 12.00
# Visual Studio Version 17
VisualStudioVersion = 17.14.36518.9 d17.14
MinimumVisualStudioVersion = 10.0.40219.1
Project("{2150E333-8FDC-42A3-9474-1A3956D46DE8}") = "Task0", "Task0", "{36D591C7-65C7-A0D1-1CBC-10CDE441BDC8}"
EndProject
Project("{FAE04EC0-301F-11D3-BF4B-00C04F79EFBC}") = "Tyuiu.PuzyrevIV.Sprint2.Task0.V5", "Tyuiu.PuzyrevIV.Sprint2.Task0.V5\Tyuiu.PuzyrevIV.Sprint2.Task0.V5.csproj", "{7FCB0C4B-BBB1-48B6-96C5-3AF7C3C76095}"
EndProject
Project("{FAE04EC0-301F-11D3-BF4B-00C04F79EFBC}") = "Tyuiu.PuzyrevIV.Sprint2.Task0.V5.Lib", "Tyuiu.PuzyrevIV.Sprint2.Task0.V5.Lib\Tyuiu.PuzyrevIV.Sprint2.Task0.V5.Lib.csproj", "{BBACF03A-0B2F-44DB-B039-9D85C69551C1}"
EndProject
Project("{FAE04EC0-301F-11D3-BF4B-00C04F79EFBC}") = "Tyuiu.PuzyrevIV.Sprint2.Task0.V5.Test", "Tyuiu.PuzyrevIV.Sprint2.Task0.V5.Test\Tyuiu.PuzyrevIV.Sprint2.Task0.V5.Test.csproj", "{C460C27F-22D5-4AF6-B176-65B294248BD2}"
EndProject
Project("{2150E333-8FDC-42A3-9474-1A3956D46DE8}") = "Task1", "Task1", "{08BF839F-12A0-4454-AEC5-1878219E81A6}"
EndProject
Project("{FAE04EC0-301F-11D3-BF4B-00C04F79EFBC}") = "Tyuiu.PuzyrevIV.Sprint2.Task1.V19", "Tyuiu.PuzyrevIV.Sprint2.Task1.V19\Tyuiu.PuzyrevIV.Sprint2.Task1.V19.csproj", "{BC15001C-1A0D-4C1A-9C40-D4301BAAD3B7}"
EndProject
Project("{FAE04EC0-301F-11D3-BF4B-00C04F79EFBC}") = "Tyuiu.PuzyrevIV.Sprint2.Task1.V19.Lib", "Tyuiu.PuzyrevIV.Sprint2.Task1.V19.Lib\Tyuiu.PuzyrevIV.Sprint2.Task1.V19.Lib.csproj", "{D4E9871C-0051-41A2-A2EC-EA156A1F6FE1}"
EndProject
Project("{FAE04EC0-301F-11D3-BF4B-00C04F79EFBC}") = "Tyuiu.PuzyrevIV.Sprint2.Task1.V19.Test", "Tyuiu.PuzyrevIV.Sprint2.Task1.V19.Test\Tyuiu.PuzyrevIV.Sprint2.Task1.V19.Test.csproj", "{FCC110A9-E7C8-45A4-B063-9A4C7B205226}"
EndProject
Global
	GlobalSection(SolutionConfigurationPlatforms) = preSolution
		Debug|Any CPU = Debug|Any CPU
		Release|Any CPU = Release|Any CPU
	EndGlobalSection
	GlobalSection(ProjectConfigurationPlatforms) = postSolution
		{7FCB0C4B-BBB1-48B6-96C5-3AF7C3C76095}.Debug|Any CPU.ActiveCfg = Debug|Any CPU
		{7FCB0C4B-BBB1-48B6-96C5-3AF7C3C76095}.Debug|Any CPU.Build.0 = Debug|Any CPU
		{7FCB0C4B-BBB1-48B6-96C5-3AF7C3C76095}.Release|Any CPU.ActiveCfg = Release|Any CPU
		{7FCB0C4B-BBB1-48B6-96C5-3AF7C3C76095}.Release|Any CPU.Build.0 = Release|Any CPU
		{BBACF03A-0B2F-44DB-B039-9D85C69551C1}.Debug|Any CPU.ActiveCfg = Debug|Any CPU
		{BBACF03A-0B2F-44DB-B039-9D85C69551C1}.Debug|Any CPU.Build.0 = Debug|Any CPU
		{BBACF03A-0B2F-44DB-B039-9D85C69551C1}.Release|Any CPU.ActiveCfg = Release|Any CPU
		{BBACF03A-0B2F-44DB-B039-9D85C69551C1}.Release|Any CPU.Build.0 = Release|Any CPU
		{C460C27F-22D5-4AF6-B176-65B294248BD2}.Debug|Any CPU.ActiveCfg = Debug|Any CPU
		{C460C27F-22D5-4AF6-B176-65B294248BD2}.Debug|Any CPU.Build.0 = Debug|Any CPU
		{C460C27F-22D5-4AF6-B176-65B294248BD2}.Release|Any CPU.ActiveCfg = Release|Any CPU
		{C460C27F-22D5-4AF6-B176-65B294248BD2}.Release|Any CPU.Build.0 = Release|Any CPU
		{BC15001C-1A0D-4C1A-9C40-D4301BAAD3B7}.Debug|Any CPU.ActiveCfg = Debug|Any CPU
		{BC15001C-1A0D-4C1A-9C40-D4301BAAD3B7}.Debug|Any CPU.Build.0 = Debug|Any CPU
		{BC15001C-1A0D-4C1A-9C40-D4301BAAD3B7}.Release|Any CPU.ActiveCfg = Release|Any CPU
		{BC15001C-1A0D-4C1A-9C40-D4301BAAD3B7}.Release|Any CPU.Build.0 = Release|Any CPU
		{D4E9871C-0051-41A2-A2EC-EA156A1F6FE1}.Debug|Any CPU.ActiveCfg = Debug|Any CPU
		{D4E9871C-0051-41A2-A2EC-EA156A1F6FE1}.Debug|Any CPU.Build.0 = Debug|Any CPU
		{D4E9871C-0051-41A2-A2EC-EA156A1F6FE1}.Release|Any CPU.ActiveCfg = Release|Any CPU
		{D4E9871C-0051-41A2-A2EC-EA156A1F6FE1}.Release|Any CPU.Build.0 = Release|Any CPU
		{FCC110A9-E7C8-45A4-B063-9A4C7B205226}.Debug|Any CPU.ActiveCfg = Debug|Any CPU
		{FCC110A9-E7C8-45A4-B063-9A4C7B205226}.Debug|Any CPU.Build.0 = Debug|Any CPU
		{FCC110A9-E7C8-45A4-B063-9A4C7B205226}.Release|Any CPU.ActiveCfg = Release|Any CPU
		{FCC110A9-E7C8-45A4-B063-9A4C7B205226}.Release|Any CPU.Build.0 = Release|Any CPU
	EndGlobalSection
	GlobalSection(SolutionProperties) = preSolution
		HideSolutionNode = FALSE
	EndGlobalSection
	GlobalSection(NestedProjects) = preSolution
		{7FCB0C4B-BBB1-48B6-96C5-3AF7C3C76095} = {36D591C7-65C7-A0D1-1CBC-10CDE441BDC8}
		{BBACF03A-0B2F-44DB-B039-9D85C69551C1} = {36D591C7-65C7-A0D1-1CBC-10CDE441BDC8}
		{C460C27F-22D5-4AF6-B176-65B294248BD2} = {36D591C7-65C7-A0D1-1CBC-10CDE441BDC8}
		{BC15001C-1A0D-4C1A-9C40-D4301BAAD3B7} = {08BF839F-12A0-4454-AEC5-1878219E81A6}
		{D4E9871C-0051-41A2-A2EC-EA156A1F6FE1} = {08BF839F-12A0-4454-AEC5-1878219E81A6}
		{FCC110A9-E7C8-45A4-B063-9A4C7B205226} = {08BF839F-12A0-4454-AEC5-1878219E81A6}
	EndGlobalSection
	GlobalSection(ExtensibilityGlobals) = postSolution
		SolutionGuid = {93B8BAF5-AD03-4177-AF9E-A12FAE2FEE73}
	EndGlobalSection
EndGlobal
